
Microsoft Visual Studio Solution File, Format Version 12.00
# Visual Studio Version 17
VisualStudioVersion = 17.12.35707.178 d17.12
MinimumVisualStudioVersion = 10.0.40219.1
Project("{FAE04EC0-301F-11D3-BF4B-00C04F79EFBC}") = "6_1", "6_1\6_1.csproj", "{7FA874CC-DA74-4E2C-BDCF-C8DE76F26245}"
EndProject
Project("{FAE04EC0-301F-11D3-BF4B-00C04F79EFBC}") = "6_2", "6_2\6_2.csproj", "{9B05FA57-45C7-496A-A96A-9C854B493A26}"
EndProject
Project("{FAE04EC0-301F-11D3-BF4B-00C04F79EFBC}") = "6_3", "6_3\6_3.csproj", "{DC80253C-497B-4F89-8698-E830B5CFD1D7}"
EndProject
Project("{FAE04EC0-301F-11D3-BF4B-00C04F79EFBC}") = "6_4", "6_4\6_4.csproj", "{DD9CD0DF-EF0E-492E-969D-1D6911956D4B}"
EndProject
Global
	GlobalSection(SolutionConfigurationPlatforms) = preSolution
		Debug|Any CPU = Debug|Any CPU
		Release|Any CPU = Release|Any CPU
	EndGlobalSection
	GlobalSection(ProjectConfigurationPlatforms) = postSolution
		{7FA874CC-DA74-4E2C-BDCF-C8DE76F26245}.Debug|Any CPU.ActiveCfg = Debug|Any CPU
		{7FA874CC-DA74-4E2C-BDCF-C8DE76F26245}.Debug|Any CPU.Build.0 = Debug|Any CPU
		{7FA874CC-DA74-4E2C-BDCF-C8DE76F26245}.Release|Any CPU.ActiveCfg = Release|Any CPU
		{7FA874CC-DA74-4E2C-BDCF-C8DE76F26245}.Release|Any CPU.Build.0 = Release|Any CPU
		{9B05FA57-45C7-496A-A96A-9C854B493A26}.Debug|Any CPU.ActiveCfg = Debug|Any CPU
		{9B05FA57-45C7-496A-A96A-9C854B493A26}.Debug|Any CPU.Build.0 = Debug|Any CPU
		{9B05FA57-45C7-496A-A96A-9C854B493A26}.Release|Any CPU.ActiveCfg = Release|Any CPU
		{9B05FA57-45C7-496A-A96A-9C854B493A26}.Release|Any CPU.Build.0 = Release|Any CPU
		{DC80253C-497B-4F89-8698-E830B5CFD1D7}.Debug|Any CPU.ActiveCfg = Debug|Any CPU
		{DC80253C-497B-4F89-8698-E830B5CFD1D7}.Debug|Any CPU.Build.0 = Debug|Any CPU
		{DC80253C-497B-4F89-8698-E830B5CFD1D7}.Release|Any CPU.ActiveCfg = Release|Any CPU
		{DC80253C-497B-4F89-8698-E830B5CFD1D7}.Release|Any CPU.Build.0 = Release|Any CPU
		{DD9CD0DF-EF0E-492E-969D-1D6911956D4B}.Debug|Any CPU.ActiveCfg = Debug|Any CPU
		{DD9CD0DF-EF0E-492E-969D-1D6911956D4B}.Debug|Any CPU.Build.0 = Debug|Any CPU
		{DD9CD0DF-EF0E-492E-969D-1D6911956D4B}.Release|Any CPU.ActiveCfg = Release|Any CPU
		{DD9CD0DF-EF0E-492E-969D-1D6911956D4B}.Release|Any CPU.Build.0 = Release|Any CPU
	EndGlobalSection
	GlobalSection(SolutionProperties) = preSolution
		HideSolutionNode = FALSE
	EndGlobalSection
EndGlobal
